
Microsoft Visual Studio Solution File, Format Version 12.00
# Visual Studio Version 17
VisualStudioVersion = 17.9.34723.18
MinimumVisualStudioVersion = 10.0.40219.1
Project("{FAE04EC0-301F-11D3-BF4B-00C04F79EFBC}") = "Destructors", "Destructors\Destructors.csproj", "{88B64ED7-E6E9-438C-9CB9-039349D06D66}"
EndProject
Global
	GlobalSection(SolutionConfigurationPlatforms) = preSolution
		Debug|Any CPU = Debug|Any CPU
		Release|Any CPU = Release|Any CPU
	EndGlobalSection
	GlobalSection(ProjectConfigurationPlatforms) = postSolution
		{88B64ED7-E6E9-438C-9CB9-039349D06D66}.Debug|Any CPU.ActiveCfg = Debug|Any CPU
		{88B64ED7-E6E9-438C-9CB9-039349D06D66}.Debug|Any CPU.Build.0 = Debug|Any CPU
		{88B64ED7-E6E9-438C-9CB9-039349D06D66}.Release|Any CPU.ActiveCfg = Release|Any CPU
		{88B64ED7-E6E9-438C-9CB9-039349D06D66}.Release|Any CPU.Build.0 = Release|Any CPU
	EndGlobalSection
	GlobalSection(SolutionProperties) = preSolution
		HideSolutionNode = FALSE
	EndGlobalSection
	GlobalSection(ExtensibilityGlobals) = postSolution
		SolutionGuid = {74FABDFF-A637-4FAF-994B-1B3E36EFA2AE}
	EndGlobalSection
EndGlobal
