
Microsoft Visual Studio Solution File, Format Version 12.00
# Visual Studio Version 17
VisualStudioVersion = 17.9.34723.18
MinimumVisualStudioVersion = 10.0.40219.1
Project("{FAE04EC0-301F-11D3-BF4B-00C04F79EFBC}") = "Extension_Methods", "Extension_Methods\Extension_Methods.csproj", "{1BEE057A-8D56-4160-87C1-99EA0485E5CC}"
EndProject
Global
	GlobalSection(SolutionConfigurationPlatforms) = preSolution
		Debug|Any CPU = Debug|Any CPU
		Release|Any CPU = Release|Any CPU
	EndGlobalSection
	GlobalSection(ProjectConfigurationPlatforms) = postSolution
		{1BEE057A-8D56-4160-87C1-99EA0485E5CC}.Debug|Any CPU.ActiveCfg = Debug|Any CPU
		{1BEE057A-8D56-4160-87C1-99EA0485E5CC}.Debug|Any CPU.Build.0 = Debug|Any CPU
		{1BEE057A-8D56-4160-87C1-99EA0485E5CC}.Release|Any CPU.ActiveCfg = Release|Any CPU
		{1BEE057A-8D56-4160-87C1-99EA0485E5CC}.Release|Any CPU.Build.0 = Release|Any CPU
	EndGlobalSection
	GlobalSection(SolutionProperties) = preSolution
		HideSolutionNode = FALSE
	EndGlobalSection
	GlobalSection(ExtensibilityGlobals) = postSolution
		SolutionGuid = {F6872EDF-D3F2-4439-9C43-E6EDB4ABF0A9}
	EndGlobalSection
EndGlobal
