
Microsoft Visual Studio Solution File, Format Version 12.00
# Visual Studio Version 17
VisualStudioVersion = 17.9.34723.18
MinimumVisualStudioVersion = 10.0.40219.1
Project("{FAE04EC0-301F-11D3-BF4B-00C04F79EFBC}") = "Abstract_Class&Abstract_method", "Abstract_Class&Abstract_method\Abstract_Class&Abstract_method.csproj", "{F62EB133-AF37-4FB9-BDDF-87DBE3FB1BC1}"
EndProject
Global
	GlobalSection(SolutionConfigurationPlatforms) = preSolution
		Debug|Any CPU = Debug|Any CPU
		Release|Any CPU = Release|Any CPU
	EndGlobalSection
	GlobalSection(ProjectConfigurationPlatforms) = postSolution
		{F62EB133-AF37-4FB9-BDDF-87DBE3FB1BC1}.Debug|Any CPU.ActiveCfg = Debug|Any CPU
		{F62EB133-AF37-4FB9-BDDF-87DBE3FB1BC1}.Debug|Any CPU.Build.0 = Debug|Any CPU
		{F62EB133-AF37-4FB9-BDDF-87DBE3FB1BC1}.Release|Any CPU.ActiveCfg = Release|Any CPU
		{F62EB133-AF37-4FB9-BDDF-87DBE3FB1BC1}.Release|Any CPU.Build.0 = Release|Any CPU
	EndGlobalSection
	GlobalSection(SolutionProperties) = preSolution
		HideSolutionNode = FALSE
	EndGlobalSection
	GlobalSection(ExtensibilityGlobals) = postSolution
		SolutionGuid = {0C483DD2-4151-43D8-A1B7-97D8A0DD8376}
	EndGlobalSection
EndGlobal
