
Microsoft Visual Studio Solution File, Format Version 12.00
# Visual Studio Version 17
VisualStudioVersion = 17.9.34723.18
MinimumVisualStudioVersion = 10.0.40219.1
Project("{FAE04EC0-301F-11D3-BF4B-00C04F79EFBC}") = "Params_Keyword", "Params_Keyword\Params_Keyword.csproj", "{FAB347FC-D816-4163-843A-96A20A31E73E}"
EndProject
Global
	GlobalSection(SolutionConfigurationPlatforms) = preSolution
		Debug|Any CPU = Debug|Any CPU
		Release|Any CPU = Release|Any CPU
	EndGlobalSection
	GlobalSection(ProjectConfigurationPlatforms) = postSolution
		{FAB347FC-D816-4163-843A-96A20A31E73E}.Debug|Any CPU.ActiveCfg = Debug|Any CPU
		{FAB347FC-D816-4163-843A-96A20A31E73E}.Debug|Any CPU.Build.0 = Debug|Any CPU
		{FAB347FC-D816-4163-843A-96A20A31E73E}.Release|Any CPU.ActiveCfg = Release|Any CPU
		{FAB347FC-D816-4163-843A-96A20A31E73E}.Release|Any CPU.Build.0 = Release|Any CPU
	EndGlobalSection
	GlobalSection(SolutionProperties) = preSolution
		HideSolutionNode = FALSE
	EndGlobalSection
	GlobalSection(ExtensibilityGlobals) = postSolution
		SolutionGuid = {C42DA589-F0FA-4D0E-9AB1-F6D1FFF59813}
	EndGlobalSection
EndGlobal
