
Microsoft Visual Studio Solution File, Format Version 12.00
# Visual Studio Version 17
VisualStudioVersion = 17.9.34723.18
MinimumVisualStudioVersion = 10.0.40219.1
Project("{FAE04EC0-301F-11D3-BF4B-00C04F79EFBC}") = "Constructors", "Constructors\Constructors.csproj", "{31231F8F-954A-4BB3-B25C-AF284C3A9C3D}"
EndProject
Global
	GlobalSection(SolutionConfigurationPlatforms) = preSolution
		Debug|Any CPU = Debug|Any CPU
		Release|Any CPU = Release|Any CPU
	EndGlobalSection
	GlobalSection(ProjectConfigurationPlatforms) = postSolution
		{31231F8F-954A-4BB3-B25C-AF284C3A9C3D}.Debug|Any CPU.ActiveCfg = Debug|Any CPU
		{31231F8F-954A-4BB3-B25C-AF284C3A9C3D}.Debug|Any CPU.Build.0 = Debug|Any CPU
		{31231F8F-954A-4BB3-B25C-AF284C3A9C3D}.Release|Any CPU.ActiveCfg = Release|Any CPU
		{31231F8F-954A-4BB3-B25C-AF284C3A9C3D}.Release|Any CPU.Build.0 = Release|Any CPU
	EndGlobalSection
	GlobalSection(SolutionProperties) = preSolution
		HideSolutionNode = FALSE
	EndGlobalSection
	GlobalSection(ExtensibilityGlobals) = postSolution
		SolutionGuid = {B3E4A926-A246-44A5-9C3B-6673A5E6D29D}
	EndGlobalSection
EndGlobal
