
Microsoft Visual Studio Solution File, Format Version 12.00
# Visual Studio Version 17
VisualStudioVersion = 17.9.34723.18
MinimumVisualStudioVersion = 10.0.40219.1
Project("{FAE04EC0-301F-11D3-BF4B-00C04F79EFBC}") = "Reg&Login_WebApi_Using _EF", "Reg&Login_WebApi_Using _EF\Reg&Login_WebApi_Using _EF.csproj", "{9FE8B43D-1B18-4D86-8081-E46E60BA243F}"
EndProject
Global
	GlobalSection(SolutionConfigurationPlatforms) = preSolution
		Debug|Any CPU = Debug|Any CPU
		Release|Any CPU = Release|Any CPU
	EndGlobalSection
	GlobalSection(ProjectConfigurationPlatforms) = postSolution
		{9FE8B43D-1B18-4D86-8081-E46E60BA243F}.Debug|Any CPU.ActiveCfg = Debug|Any CPU
		{9FE8B43D-1B18-4D86-8081-E46E60BA243F}.Debug|Any CPU.Build.0 = Debug|Any CPU
		{9FE8B43D-1B18-4D86-8081-E46E60BA243F}.Release|Any CPU.ActiveCfg = Release|Any CPU
		{9FE8B43D-1B18-4D86-8081-E46E60BA243F}.Release|Any CPU.Build.0 = Release|Any CPU
	EndGlobalSection
	GlobalSection(SolutionProperties) = preSolution
		HideSolutionNode = FALSE
	EndGlobalSection
	GlobalSection(ExtensibilityGlobals) = postSolution
		SolutionGuid = {7FD8F0AC-B569-4347-B980-E30F8DD8C0DF}
	EndGlobalSection
EndGlobal
