
Microsoft Visual Studio Solution File, Format Version 12.00
# Visual Studio Version 17
VisualStudioVersion = 17.9.34723.18
MinimumVisualStudioVersion = 10.0.40219.1
Project("{FAE04EC0-301F-11D3-BF4B-00C04F79EFBC}") = "Multiple_delegates", "Multiple_delegates\Multiple_delegates.csproj", "{8B3ED30C-7610-42B0-82F6-0F98AA97F0E6}"
EndProject
Global
	GlobalSection(SolutionConfigurationPlatforms) = preSolution
		Debug|Any CPU = Debug|Any CPU
		Release|Any CPU = Release|Any CPU
	EndGlobalSection
	GlobalSection(ProjectConfigurationPlatforms) = postSolution
		{8B3ED30C-7610-42B0-82F6-0F98AA97F0E6}.Debug|Any CPU.ActiveCfg = Debug|Any CPU
		{8B3ED30C-7610-42B0-82F6-0F98AA97F0E6}.Debug|Any CPU.Build.0 = Debug|Any CPU
		{8B3ED30C-7610-42B0-82F6-0F98AA97F0E6}.Release|Any CPU.ActiveCfg = Release|Any CPU
		{8B3ED30C-7610-42B0-82F6-0F98AA97F0E6}.Release|Any CPU.Build.0 = Release|Any CPU
	EndGlobalSection
	GlobalSection(SolutionProperties) = preSolution
		HideSolutionNode = FALSE
	EndGlobalSection
	GlobalSection(ExtensibilityGlobals) = postSolution
		SolutionGuid = {53259265-CC17-48D0-B858-AFD9D8903A1B}
	EndGlobalSection
EndGlobal
