
Microsoft Visual Studio Solution File, Format Version 12.00
# Visual Studio Version 17
VisualStudioVersion = 17.9.34723.18
MinimumVisualStudioVersion = 10.0.40219.1
Project("{FAE04EC0-301F-11D3-BF4B-00C04F79EFBC}") = "Operator_overloading", "Operator_overloading\Operator_overloading.csproj", "{720EB46D-5F94-4C37-8D78-0C620B839989}"
EndProject
Global
	GlobalSection(SolutionConfigurationPlatforms) = preSolution
		Debug|Any CPU = Debug|Any CPU
		Release|Any CPU = Release|Any CPU
	EndGlobalSection
	GlobalSection(ProjectConfigurationPlatforms) = postSolution
		{720EB46D-5F94-4C37-8D78-0C620B839989}.Debug|Any CPU.ActiveCfg = Debug|Any CPU
		{720EB46D-5F94-4C37-8D78-0C620B839989}.Debug|Any CPU.Build.0 = Debug|Any CPU
		{720EB46D-5F94-4C37-8D78-0C620B839989}.Release|Any CPU.ActiveCfg = Release|Any CPU
		{720EB46D-5F94-4C37-8D78-0C620B839989}.Release|Any CPU.Build.0 = Release|Any CPU
	EndGlobalSection
	GlobalSection(SolutionProperties) = preSolution
		HideSolutionNode = FALSE
	EndGlobalSection
	GlobalSection(ExtensibilityGlobals) = postSolution
		SolutionGuid = {D21DB0F5-BBF1-47AB-876C-E9B170962C9E}
	EndGlobalSection
EndGlobal
