
Microsoft Visual Studio Solution File, Format Version 12.00
# Visual Studio Version 17
VisualStudioVersion = 17.9.34723.18
MinimumVisualStudioVersion = 10.0.40219.1
Project("{FAE04EC0-301F-11D3-BF4B-00C04F79EFBC}") = "Generics_Class", "Generics_Class\Generics_Class.csproj", "{492E128D-716A-4A24-A8DB-7449A4E4913D}"
EndProject
Global
	GlobalSection(SolutionConfigurationPlatforms) = preSolution
		Debug|Any CPU = Debug|Any CPU
		Release|Any CPU = Release|Any CPU
	EndGlobalSection
	GlobalSection(ProjectConfigurationPlatforms) = postSolution
		{492E128D-716A-4A24-A8DB-7449A4E4913D}.Debug|Any CPU.ActiveCfg = Debug|Any CPU
		{492E128D-716A-4A24-A8DB-7449A4E4913D}.Debug|Any CPU.Build.0 = Debug|Any CPU
		{492E128D-716A-4A24-A8DB-7449A4E4913D}.Release|Any CPU.ActiveCfg = Release|Any CPU
		{492E128D-716A-4A24-A8DB-7449A4E4913D}.Release|Any CPU.Build.0 = Release|Any CPU
	EndGlobalSection
	GlobalSection(SolutionProperties) = preSolution
		HideSolutionNode = FALSE
	EndGlobalSection
	GlobalSection(ExtensibilityGlobals) = postSolution
		SolutionGuid = {6D22D589-70C3-4255-AA03-566B6D4355F4}
	EndGlobalSection
EndGlobal
