
Microsoft Visual Studio Solution File, Format Version 12.00
# Visual Studio Version 17
VisualStudioVersion = 17.9.34723.18
MinimumVisualStudioVersion = 10.0.40219.1
Project("{FAE04EC0-301F-11D3-BF4B-00C04F79EFBC}") = "Lambda_Expression", "Lambda_Expression\Lambda_Expression.csproj", "{09F550F6-96BD-4064-B359-6C3736B9CBF5}"
EndProject
Global
	GlobalSection(SolutionConfigurationPlatforms) = preSolution
		Debug|Any CPU = Debug|Any CPU
		Release|Any CPU = Release|Any CPU
	EndGlobalSection
	GlobalSection(ProjectConfigurationPlatforms) = postSolution
		{09F550F6-96BD-4064-B359-6C3736B9CBF5}.Debug|Any CPU.ActiveCfg = Debug|Any CPU
		{09F550F6-96BD-4064-B359-6C3736B9CBF5}.Debug|Any CPU.Build.0 = Debug|Any CPU
		{09F550F6-96BD-4064-B359-6C3736B9CBF5}.Release|Any CPU.ActiveCfg = Release|Any CPU
		{09F550F6-96BD-4064-B359-6C3736B9CBF5}.Release|Any CPU.Build.0 = Release|Any CPU
	EndGlobalSection
	GlobalSection(SolutionProperties) = preSolution
		HideSolutionNode = FALSE
	EndGlobalSection
	GlobalSection(ExtensibilityGlobals) = postSolution
		SolutionGuid = {4FFE90B1-2403-4695-A3A0-A86534534D7B}
	EndGlobalSection
EndGlobal
