
Microsoft Visual Studio Solution File, Format Version 12.00
# Visual Studio Version 17
VisualStudioVersion = 17.9.34723.18
MinimumVisualStudioVersion = 10.0.40219.1
Project("{FAE04EC0-301F-11D3-BF4B-00C04F79EFBC}") = "Genrics_And_Genrics_methods", "Genrics_And_Genrics_methods\Genrics_And_Genrics_methods.csproj", "{735474B8-7ABC-408B-9D02-6F586C8ABE3D}"
EndProject
Global
	GlobalSection(SolutionConfigurationPlatforms) = preSolution
		Debug|Any CPU = Debug|Any CPU
		Release|Any CPU = Release|Any CPU
	EndGlobalSection
	GlobalSection(ProjectConfigurationPlatforms) = postSolution
		{735474B8-7ABC-408B-9D02-6F586C8ABE3D}.Debug|Any CPU.ActiveCfg = Debug|Any CPU
		{735474B8-7ABC-408B-9D02-6F586C8ABE3D}.Debug|Any CPU.Build.0 = Debug|Any CPU
		{735474B8-7ABC-408B-9D02-6F586C8ABE3D}.Release|Any CPU.ActiveCfg = Release|Any CPU
		{735474B8-7ABC-408B-9D02-6F586C8ABE3D}.Release|Any CPU.Build.0 = Release|Any CPU
	EndGlobalSection
	GlobalSection(SolutionProperties) = preSolution
		HideSolutionNode = FALSE
	EndGlobalSection
	GlobalSection(ExtensibilityGlobals) = postSolution
		SolutionGuid = {80F1574C-97CA-468C-B17D-EED446C0EDB9}
	EndGlobalSection
EndGlobal
