
Microsoft Visual Studio Solution File, Format Version 12.00
# Visual Studio Version 17
VisualStudioVersion = 17.9.34723.18
MinimumVisualStudioVersion = 10.0.40219.1
Project("{FAE04EC0-301F-11D3-BF4B-00C04F79EFBC}") = "Multiple_inheritance", "Multiple_inheritance\Multiple_inheritance.csproj", "{CE120420-3FD4-48DD-9991-65FC5C45D9A3}"
EndProject
Global
	GlobalSection(SolutionConfigurationPlatforms) = preSolution
		Debug|Any CPU = Debug|Any CPU
		Release|Any CPU = Release|Any CPU
	EndGlobalSection
	GlobalSection(ProjectConfigurationPlatforms) = postSolution
		{CE120420-3FD4-48DD-9991-65FC5C45D9A3}.Debug|Any CPU.ActiveCfg = Debug|Any CPU
		{CE120420-3FD4-48DD-9991-65FC5C45D9A3}.Debug|Any CPU.Build.0 = Debug|Any CPU
		{CE120420-3FD4-48DD-9991-65FC5C45D9A3}.Release|Any CPU.ActiveCfg = Release|Any CPU
		{CE120420-3FD4-48DD-9991-65FC5C45D9A3}.Release|Any CPU.Build.0 = Release|Any CPU
	EndGlobalSection
	GlobalSection(SolutionProperties) = preSolution
		HideSolutionNode = FALSE
	EndGlobalSection
	GlobalSection(ExtensibilityGlobals) = postSolution
		SolutionGuid = {FC65674C-F21B-4C5A-9E98-2AF1776BBB6A}
	EndGlobalSection
EndGlobal
