
Microsoft Visual Studio Solution File, Format Version 12.00
# Visual Studio Version 17
VisualStudioVersion = 17.9.34723.18
MinimumVisualStudioVersion = 10.0.40219.1
Project("{FAE04EC0-301F-11D3-BF4B-00C04F79EFBC}") = "Difference_between_AbstractClass _&_Interface", "Difference_between_AbstractClass _&_Interface\Difference_between_AbstractClass _&_Interface.csproj", "{761E0F95-64F7-4702-B3FC-6B58EFDCEF83}"
EndProject
Global
	GlobalSection(SolutionConfigurationPlatforms) = preSolution
		Debug|Any CPU = Debug|Any CPU
		Release|Any CPU = Release|Any CPU
	EndGlobalSection
	GlobalSection(ProjectConfigurationPlatforms) = postSolution
		{761E0F95-64F7-4702-B3FC-6B58EFDCEF83}.Debug|Any CPU.ActiveCfg = Debug|Any CPU
		{761E0F95-64F7-4702-B3FC-6B58EFDCEF83}.Debug|Any CPU.Build.0 = Debug|Any CPU
		{761E0F95-64F7-4702-B3FC-6B58EFDCEF83}.Release|Any CPU.ActiveCfg = Release|Any CPU
		{761E0F95-64F7-4702-B3FC-6B58EFDCEF83}.Release|Any CPU.Build.0 = Release|Any CPU
	EndGlobalSection
	GlobalSection(SolutionProperties) = preSolution
		HideSolutionNode = FALSE
	EndGlobalSection
	GlobalSection(ExtensibilityGlobals) = postSolution
		SolutionGuid = {FC2A41A1-C041-499C-B04B-173C0BB865CF}
	EndGlobalSection
EndGlobal
