
Microsoft Visual Studio Solution File, Format Version 12.00
# Visual Studio Version 17
VisualStudioVersion = 17.9.34723.18
MinimumVisualStudioVersion = 10.0.40219.1
Project("{FAE04EC0-301F-11D3-BF4B-00C04F79EFBC}") = "Enum_in_C#", "Enum_in_C#\Enum_in_C#.csproj", "{718B0EFD-D0E4-4E8C-893D-B3F6BCF8496F}"
EndProject
Global
	GlobalSection(SolutionConfigurationPlatforms) = preSolution
		Debug|Any CPU = Debug|Any CPU
		Release|Any CPU = Release|Any CPU
	EndGlobalSection
	GlobalSection(ProjectConfigurationPlatforms) = postSolution
		{718B0EFD-D0E4-4E8C-893D-B3F6BCF8496F}.Debug|Any CPU.ActiveCfg = Debug|Any CPU
		{718B0EFD-D0E4-4E8C-893D-B3F6BCF8496F}.Debug|Any CPU.Build.0 = Debug|Any CPU
		{718B0EFD-D0E4-4E8C-893D-B3F6BCF8496F}.Release|Any CPU.ActiveCfg = Release|Any CPU
		{718B0EFD-D0E4-4E8C-893D-B3F6BCF8496F}.Release|Any CPU.Build.0 = Release|Any CPU
	EndGlobalSection
	GlobalSection(SolutionProperties) = preSolution
		HideSolutionNode = FALSE
	EndGlobalSection
	GlobalSection(ExtensibilityGlobals) = postSolution
		SolutionGuid = {99604CBA-1E08-4CE5-9516-25B2DAF3E7D3}
	EndGlobalSection
EndGlobal
